Microsoft Visual Studio Solution File, Format Version 11.00
# Visual Studio 2008

Project("{6BA65B74-CEAA-5A7C-29AA-EBB86B12690E}") = "SpaceCrosser", "Assembly-CSharp-firstpass-vs.csproj", "{823DE28F-7791-22F5-3D79-F298F3FD5F2F}"
EndProject
Project("{6BA65B74-CEAA-5A7C-29AA-EBB86B12690E}") = "SpaceCrosser", "Assembly-CSharp-vs.csproj", "{BCB6928F-392F-71AB-4D23-50A55ACC5B7D}"
EndProject
Project("{6BA65B74-CEAA-5A7C-29AA-EBB86B12690E}") = "SpaceCrosser", "Assembly-CSharp-Editor-vs.csproj", "{A0B4AA01-BA6F-84CA-4CB1-04B783EE3B43}"
EndProject
Global
	GlobalSection(SolutionConfigurationPlatforms) = preSolution
		Debug|Any CPU = Debug|Any CPU
		Release|Any CPU = Release|Any CPU
	EndGlobalSection
	GlobalSection(ProjectConfigurationPlatforms) = postSolution
		{823DE28F-7791-22F5-3D79-F298F3FD5F2F}.Debug|Any CPU.ActiveCfg = Debug|Any CPU
		{823DE28F-7791-22F5-3D79-F298F3FD5F2F}.Debug|Any CPU.Build.0 = Debug|Any CPU
		{823DE28F-7791-22F5-3D79-F298F3FD5F2F}.Release|Any CPU.ActiveCfg = Release|Any CPU
		{823DE28F-7791-22F5-3D79-F298F3FD5F2F}.Release|Any CPU.Build.0 = Release|Any CPU
		{BCB6928F-392F-71AB-4D23-50A55ACC5B7D}.Debug|Any CPU.ActiveCfg = Debug|Any CPU
		{BCB6928F-392F-71AB-4D23-50A55ACC5B7D}.Debug|Any CPU.Build.0 = Debug|Any CPU
		{BCB6928F-392F-71AB-4D23-50A55ACC5B7D}.Release|Any CPU.ActiveCfg = Release|Any CPU
		{BCB6928F-392F-71AB-4D23-50A55ACC5B7D}.Release|Any CPU.Build.0 = Release|Any CPU
		{A0B4AA01-BA6F-84CA-4CB1-04B783EE3B43}.Debug|Any CPU.ActiveCfg = Debug|Any CPU
		{A0B4AA01-BA6F-84CA-4CB1-04B783EE3B43}.Debug|Any CPU.Build.0 = Debug|Any CPU
		{A0B4AA01-BA6F-84CA-4CB1-04B783EE3B43}.Release|Any CPU.ActiveCfg = Release|Any CPU
		{A0B4AA01-BA6F-84CA-4CB1-04B783EE3B43}.Release|Any CPU.Build.0 = Release|Any CPU
	EndGlobalSection
	GlobalSection(SolutionProperties) = preSolution
		HideSolutionNode = FALSE
	EndGlobalSection
							GlobalSection(MonoDevelopProperties) = preSolution
		StartupItem = Assembly-CSharp.csproj
		Policies = $0
		$0.TextStylePolicy = $1
		$1.inheritsSet = null
		$1.scope = text/x-csharp
		$0.CSharpFormattingPolicy = $2
		$2.inheritsSet = Mono
		$2.inheritsScope = text/x-csharp
		$2.scope = text/x-csharp
		$0.TextStylePolicy = $3
		$3.FileWidth = 120
		$3.TabWidth = 4
		$3.IndentWidth = 4
		$3.EolMarker = Unix
		$3.inheritsSet = Mono
		$3.inheritsScope = text/plain
		$3.scope = text/plain
	EndGlobalSection

EndGlobal
