Microsoft Visual Studio Solution File, Format Version 11.00
# Visual Studio 2008

Project("{DFBA19F3-B872-ADEA-3FAD-3B8619B746F8}") = "SpaceCrosser — копия", "Assembly-CSharp-firstpass-vs.csproj", "{E00CCEF9-F60A-D9CF-723B-6B52758FC66E}"
EndProject
Project("{DFBA19F3-B872-ADEA-3FAD-3B8619B746F8}") = "SpaceCrosser — копия", "Assembly-CSharp-vs.csproj", "{2CB5EA91-4BC7-B381-2437-C3F9667BCFCC}"
EndProject
Project("{DFBA19F3-B872-ADEA-3FAD-3B8619B746F8}") = "SpaceCrosser — копия", "Assembly-CSharp-Editor-vs.csproj", "{E57F93D5-68BC-65DA-77F7-A31719F50BA2}"
EndProject
Global
	GlobalSection(SolutionConfigurationPlatforms) = preSolution
		Debug|Any CPU = Debug|Any CPU
		Release|Any CPU = Release|Any CPU
	EndGlobalSection
	GlobalSection(ProjectConfigurationPlatforms) = postSolution
		{E00CCEF9-F60A-D9CF-723B-6B52758FC66E}.Debug|Any CPU.ActiveCfg = Debug|Any CPU
		{E00CCEF9-F60A-D9CF-723B-6B52758FC66E}.Debug|Any CPU.Build.0 = Debug|Any CPU
		{E00CCEF9-F60A-D9CF-723B-6B52758FC66E}.Release|Any CPU.ActiveCfg = Release|Any CPU
		{E00CCEF9-F60A-D9CF-723B-6B52758FC66E}.Release|Any CPU.Build.0 = Release|Any CPU
		{2CB5EA91-4BC7-B381-2437-C3F9667BCFCC}.Debug|Any CPU.ActiveCfg = Debug|Any CPU
		{2CB5EA91-4BC7-B381-2437-C3F9667BCFCC}.Debug|Any CPU.Build.0 = Debug|Any CPU
		{2CB5EA91-4BC7-B381-2437-C3F9667BCFCC}.Release|Any CPU.ActiveCfg = Release|Any CPU
		{2CB5EA91-4BC7-B381-2437-C3F9667BCFCC}.Release|Any CPU.Build.0 = Release|Any CPU
		{E57F93D5-68BC-65DA-77F7-A31719F50BA2}.Debug|Any CPU.ActiveCfg = Debug|Any CPU
		{E57F93D5-68BC-65DA-77F7-A31719F50BA2}.Debug|Any CPU.Build.0 = Debug|Any CPU
		{E57F93D5-68BC-65DA-77F7-A31719F50BA2}.Release|Any CPU.ActiveCfg = Release|Any CPU
		{E57F93D5-68BC-65DA-77F7-A31719F50BA2}.Release|Any CPU.Build.0 = Release|Any CPU
	EndGlobalSection
	GlobalSection(SolutionProperties) = preSolution
		HideSolutionNode = FALSE
	EndGlobalSection
				GlobalSection(MonoDevelopProperties) = preSolution
		StartupItem = Assembly-CSharp.csproj
		Policies = $0
		$0.TextStylePolicy = $1
		$1.inheritsSet = null
		$1.scope = text/x-csharp
		$0.CSharpFormattingPolicy = $2
		$2.inheritsSet = Mono
		$2.inheritsScope = text/x-csharp
		$2.scope = text/x-csharp
		$0.TextStylePolicy = $3
		$3.FileWidth = 120
		$3.TabWidth = 4
		$3.IndentWidth = 4
		$3.EolMarker = Unix
		$3.inheritsSet = Mono
		$3.inheritsScope = text/plain
		$3.scope = text/plain
	EndGlobalSection

EndGlobal
